
Microsoft Visual Studio Solution File, Format Version 12.00
# Visual Studio Version 17
VisualStudioVersion = 17.9.34723.18
MinimumVisualStudioVersion = 10.0.40219.1
Project("{9A19103F-16F7-4668-BE54-9A1E7A4F7556}") = "RPSLS.API", "RPSLS.API\RPSLS.API.csproj", "{5E2D3F73-9CF2-4E09-97D8-0D3F3B3D1815}"
EndProject
Project("{9A19103F-16F7-4668-BE54-9A1E7A4F7556}") = "RPSLS.Application", "RPSLS.Application\RPSLS.Application.csproj", "{37A259D3-3E2C-43D0-96D4-F131EE602D6F}"
EndProject
Project("{9A19103F-16F7-4668-BE54-9A1E7A4F7556}") = "RPSLS.Data", "RPSLS.Data\RPSLS.Data.csproj", "{F3505533-EF44-404F-85A8-0AC4C8E4F881}"
EndProject
Project("{9A19103F-16F7-4668-BE54-9A1E7A4F7556}") = "RPSLS.MigrationRunner", "RPSLS.MigrationRunner\RPSLS.MigrationRunner.csproj", "{7B895BE8-86BA-414F-80ED-54B2D8D065EF}"
EndProject
Project("{9A19103F-16F7-4668-BE54-9A1E7A4F7556}") = "RPSLS.Models", "RPSLS.Models\RPSLS.Models.csproj", "{C625A475-C937-4E63-83DB-1524375222DD}"
EndProject
Project("{E53339B2-1760-4266-BCC7-CA923CBCF16C}") = "docker-compose", "docker-compose.dcproj", "{3EBF2A1E-C529-4B86-AD67-B1C1F2F8B2DF}"
EndProject
Global
	GlobalSection(SolutionConfigurationPlatforms) = preSolution
		Debug|Any CPU = Debug|Any CPU
		Release|Any CPU = Release|Any CPU
	EndGlobalSection
	GlobalSection(ProjectConfigurationPlatforms) = postSolution
		{5E2D3F73-9CF2-4E09-97D8-0D3F3B3D1815}.Debug|Any CPU.ActiveCfg = Debug|Any CPU
		{5E2D3F73-9CF2-4E09-97D8-0D3F3B3D1815}.Debug|Any CPU.Build.0 = Debug|Any CPU
		{5E2D3F73-9CF2-4E09-97D8-0D3F3B3D1815}.Release|Any CPU.ActiveCfg = Release|Any CPU
		{5E2D3F73-9CF2-4E09-97D8-0D3F3B3D1815}.Release|Any CPU.Build.0 = Release|Any CPU
		{37A259D3-3E2C-43D0-96D4-F131EE602D6F}.Debug|Any CPU.ActiveCfg = Debug|Any CPU
		{37A259D3-3E2C-43D0-96D4-F131EE602D6F}.Debug|Any CPU.Build.0 = Debug|Any CPU
		{37A259D3-3E2C-43D0-96D4-F131EE602D6F}.Release|Any CPU.ActiveCfg = Release|Any CPU
		{37A259D3-3E2C-43D0-96D4-F131EE602D6F}.Release|Any CPU.Build.0 = Release|Any CPU
		{F3505533-EF44-404F-85A8-0AC4C8E4F881}.Debug|Any CPU.ActiveCfg = Debug|Any CPU
		{F3505533-EF44-404F-85A8-0AC4C8E4F881}.Debug|Any CPU.Build.0 = Debug|Any CPU
		{F3505533-EF44-404F-85A8-0AC4C8E4F881}.Release|Any CPU.ActiveCfg = Release|Any CPU
		{F3505533-EF44-404F-85A8-0AC4C8E4F881}.Release|Any CPU.Build.0 = Release|Any CPU
		{7B895BE8-86BA-414F-80ED-54B2D8D065EF}.Debug|Any CPU.ActiveCfg = Debug|Any CPU
		{7B895BE8-86BA-414F-80ED-54B2D8D065EF}.Debug|Any CPU.Build.0 = Debug|Any CPU
		{7B895BE8-86BA-414F-80ED-54B2D8D065EF}.Release|Any CPU.ActiveCfg = Release|Any CPU
		{7B895BE8-86BA-414F-80ED-54B2D8D065EF}.Release|Any CPU.Build.0 = Release|Any CPU
		{C625A475-C937-4E63-83DB-1524375222DD}.Debug|Any CPU.ActiveCfg = Debug|Any CPU
		{C625A475-C937-4E63-83DB-1524375222DD}.Debug|Any CPU.Build.0 = Debug|Any CPU
		{C625A475-C937-4E63-83DB-1524375222DD}.Release|Any CPU.ActiveCfg = Release|Any CPU
		{C625A475-C937-4E63-83DB-1524375222DD}.Release|Any CPU.Build.0 = Release|Any CPU
		{3EBF2A1E-C529-4B86-AD67-B1C1F2F8B2DF}.Debug|Any CPU.ActiveCfg = Debug|Any CPU
		{3EBF2A1E-C529-4B86-AD67-B1C1F2F8B2DF}.Debug|Any CPU.Build.0 = Debug|Any CPU
		{3EBF2A1E-C529-4B86-AD67-B1C1F2F8B2DF}.Release|Any CPU.ActiveCfg = Release|Any CPU
		{3EBF2A1E-C529-4B86-AD67-B1C1F2F8B2DF}.Release|Any CPU.Build.0 = Release|Any CPU
	EndGlobalSection
	GlobalSection(SolutionProperties) = preSolution
		HideSolutionNode = FALSE
	EndGlobalSection
	GlobalSection(ExtensibilityGlobals) = postSolution
		SolutionGuid = {44A85E3B-D4B9-4023-907C-C21F4AE68CD7}
	EndGlobalSection
EndGlobal
